// !$*UTF8*$!
{
	archiveVersion = 1;
	classes = {
	};
	objectVersion = 56;
	objects = {

/* Begin PBXBuildFile section */
		7CB08EC52B1782F8000A45E5 /* AppDelegate.swift in Sources */ = {isa = PBXBuildFile; fileRef = 7CB08EC42B1782F8000A45E5 /* AppDelegate.swift */; };
		7CB08EC72B1782F8000A45E5 /* SceneDelegate.swift in Sources */ = {isa = PBXBuildFile; fileRef = 7CB08EC62B1782F8000A45E5 /* SceneDelegate.swift */; };
		7CB08ECE2B1782F9000A45E5 /* Assets.xcassets in Resources */ = {isa = PBXBuildFile; fileRef = 7CB08ECD2B1782F9000A45E5 /* Assets.xcassets */; };
		7CB08ED12B1782F9000A45E5 /* LaunchScreen.storyboard in Resources */ = {isa = PBXBuildFile; fileRef = 7CB08ECF2B1782F9000A45E5 /* LaunchScreen.storyboard */; };
		7CB08EE22B178373000A45E5 /* BooksViewController.swift in Sources */ = {isa = PBXBuildFile; fileRef = 7CB08EE12B178373000A45E5 /* BooksViewController.swift */; };
		7CB08EE42B178378000A45E5 /* BooksViewModel.swift in Sources */ = {isa = PBXBuildFile; fileRef = 7CB08EE32B178378000A45E5 /* BooksViewModel.swift */; };
		7CB08EE62B17837D000A45E5 /* BookTableViewCell.swift in Sources */ = {isa = PBXBuildFile; fileRef = 7CB08EE52B17837D000A45E5 /* BookTableViewCell.swift */; };
		7CB08EE82B17838C000A45E5 /* BookCellViewModel.swift in Sources */ = {isa = PBXBuildFile; fileRef = 7CB08EE72B17838C000A45E5 /* BookCellViewModel.swift */; };
		7CB08EEA2B178393000A45E5 /* BookTableViewCell.xib in Resources */ = {isa = PBXBuildFile; fileRef = 7CB08EE92B178393000A45E5 /* BookTableViewCell.xib */; };
		7CB08EEC2B178398000A45E5 /* Book.swift in Sources */ = {isa = PBXBuildFile; fileRef = 7CB08EEB2B178398000A45E5 /* Book.swift */; };
		7CB08EEE2B17839C000A45E5 /* BookCRUDViewController.swift in Sources */ = {isa = PBXBuildFile; fileRef = 7CB08EED2B17839C000A45E5 /* BookCRUDViewController.swift */; };
		7CB08EF02B17839F000A45E5 /* BookCRUDViewModel.swift in Sources */ = {isa = PBXBuildFile; fileRef = 7CB08EEF2B17839F000A45E5 /* BookCRUDViewModel.swift */; };
		7CB08EF22B1783A4000A45E5 /* ApiConstructor.swift in Sources */ = {isa = PBXBuildFile; fileRef = 7CB08EF12B1783A4000A45E5 /* ApiConstructor.swift */; };
		7CB08EF42B1783A6000A45E5 /* DataHandler.swift in Sources */ = {isa = PBXBuildFile; fileRef = 7CB08EF32B1783A6000A45E5 /* DataHandler.swift */; };
		7CB08EF62B1783B7000A45E5 /* ToastView.swift in Sources */ = {isa = PBXBuildFile; fileRef = 7CB08EF52B1783B7000A45E5 /* ToastView.swift */; };
		7CB08EF82B1783BA000A45E5 /* ToastView.xib in Resources */ = {isa = PBXBuildFile; fileRef = 7CB08EF72B1783BA000A45E5 /* ToastView.xib */; };
		7CB08EFA2B1783C0000A45E5 /* UIViewController+Extensions.swift in Sources */ = {isa = PBXBuildFile; fileRef = 7CB08EF92B1783C0000A45E5 /* UIViewController+Extensions.swift */; };
		7CB08EFC2B1783C3000A45E5 /* Data+Extensions.swift in Sources */ = {isa = PBXBuildFile; fileRef = 7CB08EFB2B1783C3000A45E5 /* Data+Extensions.swift */; };
		7CB08EFE2B1783C6000A45E5 /* Array+Extensions.swift in Sources */ = {isa = PBXBuildFile; fileRef = 7CB08EFD2B1783C6000A45E5 /* Array+Extensions.swift */; };
		7CB08F002B1783D4000A45E5 /* Protocols.swift in Sources */ = {isa = PBXBuildFile; fileRef = 7CB08EFF2B1783D4000A45E5 /* Protocols.swift */; };
		7CB08F022B1783D8000A45E5 /* Constants.swift in Sources */ = {isa = PBXBuildFile; fileRef = 7CB08F012B1783D8000A45E5 /* Constants.swift */; };
		7CB08F052B1783ED000A45E5 /* RootLauncher.swift in Sources */ = {isa = PBXBuildFile; fileRef = 7CB08F042B1783ED000A45E5 /* RootLauncher.swift */; };
		7CB08F072B1783FB000A45E5 /* AuthenticationViewController.swift in Sources */ = {isa = PBXBuildFile; fileRef = 7CB08F062B1783FB000A45E5 /* AuthenticationViewController.swift */; };
		7CB08F092B1783FE000A45E5 /* AuthenticationViewModel.swift in Sources */ = {isa = PBXBuildFile; fileRef = 7CB08F082B1783FE000A45E5 /* AuthenticationViewModel.swift */; };
		7CD0D2BD2B17864C000F4E92 /* Main.storyboard in Resources */ = {isa = PBXBuildFile; fileRef = 7CD0D2BC2B17864C000F4E92 /* Main.storyboard */; };
		7CDD39B82B17B02200F2C365 /* BookFieldTableViewCell.swift in Sources */ = {isa = PBXBuildFile; fileRef = 7CDD39B62B17B02200F2C365 /* BookFieldTableViewCell.swift */; };
		7CDD39B92B17B02200F2C365 /* BookFieldTableViewCell.xib in Resources */ = {isa = PBXBuildFile; fileRef = 7CDD39B72B17B02200F2C365 /* BookFieldTableViewCell.xib */; };
		7CDD39BB2B17B26200F2C365 /* BookFieldCellViewModel.swift in Sources */ = {isa = PBXBuildFile; fileRef = 7CDD39BA2B17B26200F2C365 /* BookFieldCellViewModel.swift */; };
/* End PBXBuildFile section */

/* Begin PBXFileReference section */
		7CB08EC12B1782F8000A45E5 /* MobileApisAssignment4.app */ = {isa = PBXFileReference; explicitFileType = wrapper.application; includeInIndex = 0; path = MobileApisAssignment4.app; sourceTree = BUILT_PRODUCTS_DIR; };
		7CB08EC42B1782F8000A45E5 /* AppDelegate.swift */ = {isa = PBXFileReference; lastKnownFileType = sourcecode.swift; path = AppDelegate.swift; sourceTree = "<group>"; };
		7CB08EC62B1782F8000A45E5 /* SceneDelegate.swift */ = {isa = PBXFileReference; lastKnownFileType = sourcecode.swift; path = SceneDelegate.swift; sourceTree = "<group>"; };
		7CB08ECD2B1782F9000A45E5 /* Assets.xcassets */ = {isa = PBXFileReference; lastKnownFileType = folder.assetcatalog; path = Assets.xcassets; sourceTree = "<group>"; };
		7CB08ED02B1782F9000A45E5 /* Base */ = {isa = PBXFileReference; lastKnownFileType = file.storyboard; name = Base; path = Base.lproj/LaunchScreen.storyboard; sourceTree = "<group>"; };
		7CB08ED22B1782F9000A45E5 /* Info.plist */ = {isa = PBXFileReference; lastKnownFileType = text.plist.xml; path = Info.plist; sourceTree = "<group>"; };
		7CB08EE12B178373000A45E5 /* BooksViewController.swift */ = {isa = PBXFileReference; fileEncoding = 4; lastKnownFileType = sourcecode.swift; path = BooksViewController.swift; sourceTree = "<group>"; };
		7CB08EE32B178378000A45E5 /* BooksViewModel.swift */ = {isa = PBXFileReference; fileEncoding = 4; lastKnownFileType = sourcecode.swift; path = BooksViewModel.swift; sourceTree = "<group>"; };
		7CB08EE52B17837D000A45E5 /* BookTableViewCell.swift */ = {isa = PBXFileReference; fileEncoding = 4; lastKnownFileType = sourcecode.swift; path = BookTableViewCell.swift; sourceTree = "<group>"; };
		7CB08EE72B17838C000A45E5 /* BookCellViewModel.swift */ = {isa = PBXFileReference; fileEncoding = 4; lastKnownFileType = sourcecode.swift; path = BookCellViewModel.swift; sourceTree = "<group>"; };
		7CB08EE92B178393000A45E5 /* BookTableViewCell.xib */ = {isa = PBXFileReference; fileEncoding = 4; lastKnownFileType = file.xib; path = BookTableViewCell.xib; sourceTree = "<group>"; };
		7CB08EEB2B178398000A45E5 /* Book.swift */ = {isa = PBXFileReference; fileEncoding = 4; lastKnownFileType = sourcecode.swift; path = Book.swift; sourceTree = "<group>"; };
		7CB08EED2B17839C000A45E5 /* BookCRUDViewController.swift */ = {isa = PBXFileReference; fileEncoding = 4; lastKnownFileType = sourcecode.swift; path = BookCRUDViewController.swift; sourceTree = "<group>"; };
		7CB08EEF2B17839F000A45E5 /* BookCRUDViewModel.swift */ = {isa = PBXFileReference; fileEncoding = 4; lastKnownFileType = sourcecode.swift; path = BookCRUDViewModel.swift; sourceTree = "<group>"; };
		7CB08EF12B1783A4000A45E5 /* ApiConstructor.swift */ = {isa = PBXFileReference; fileEncoding = 4; lastKnownFileType = sourcecode.swift; path = ApiConstructor.swift; sourceTree = "<group>"; };
		7CB08EF32B1783A6000A45E5 /* DataHandler.swift */ = {isa = PBXFileReference; fileEncoding = 4; lastKnownFileType = sourcecode.swift; path = DataHandler.swift; sourceTree = "<group>"; };
		7CB08EF52B1783B7000A45E5 /* ToastView.swift */ = {isa = PBXFileReference; fileEncoding = 4; lastKnownFileType = sourcecode.swift; path = ToastView.swift; sourceTree = "<group>"; };
		7CB08EF72B1783BA000A45E5 /* ToastView.xib */ = {isa = PBXFileReference; fileEncoding = 4; lastKnownFileType = file.xib; path = ToastView.xib; sourceTree = "<group>"; };
		7CB08EF92B1783C0000A45E5 /* UIViewController+Extensions.swift */ = {isa = PBXFileReference; fileEncoding = 4; lastKnownFileType = sourcecode.swift; path = "UIViewController+Extensions.swift"; sourceTree = "<group>"; };
		7CB08EFB2B1783C3000A45E5 /* Data+Extensions.swift */ = {isa = PBXFileReference; fileEncoding = 4; lastKnownFileType = sourcecode.swift; path = "Data+Extensions.swift"; sourceTree = "<group>"; };
		7CB08EFD2B1783C6000A45E5 /* Array+Extensions.swift */ = {isa = PBXFileReference; fileEncoding = 4; lastKnownFileType = sourcecode.swift; path = "Array+Extensions.swift"; sourceTree = "<group>"; };
		7CB08EFF2B1783D4000A45E5 /* Protocols.swift */ = {isa = PBXFileReference; fileEncoding = 4; lastKnownFileType = sourcecode.swift; path = Protocols.swift; sourceTree = "<group>"; };
		7CB08F012B1783D8000A45E5 /* Constants.swift */ = {isa = PBXFileReference; fileEncoding = 4; lastKnownFileType = sourcecode.swift; path = Constants.swift; sourceTree = "<group>"; };
		7CB08F042B1783ED000A45E5 /* RootLauncher.swift */ = {isa = PBXFileReference; fileEncoding = 4; lastKnownFileType = sourcecode.swift; path = RootLauncher.swift; sourceTree = "<group>"; };
		7CB08F062B1783FB000A45E5 /* AuthenticationViewController.swift */ = {isa = PBXFileReference; fileEncoding = 4; lastKnownFileType = sourcecode.swift; path = AuthenticationViewController.swift; sourceTree = "<group>"; };
		7CB08F082B1783FE000A45E5 /* AuthenticationViewModel.swift */ = {isa = PBXFileReference; fileEncoding = 4; lastKnownFileType = sourcecode.swift; path = AuthenticationViewModel.swift; sourceTree = "<group>"; };
		7CD0D2BC2B17864C000F4E92 /* Main.storyboard */ = {isa = PBXFileReference; fileEncoding = 4; lastKnownFileType = file.storyboard; path = Main.storyboard; sourceTree = "<group>"; };
		7CDD39B62B17B02200F2C365 /* BookFieldTableViewCell.swift */ = {isa = PBXFileReference; lastKnownFileType = sourcecode.swift; path = BookFieldTableViewCell.swift; sourceTree = "<group>"; };
		7CDD39B72B17B02200F2C365 /* BookFieldTableViewCell.xib */ = {isa = PBXFileReference; lastKnownFileType = file.xib; path = BookFieldTableViewCell.xib; sourceTree = "<group>"; };
		7CDD39BA2B17B26200F2C365 /* BookFieldCellViewModel.swift */ = {isa = PBXFileReference; lastKnownFileType = sourcecode.swift; path = BookFieldCellViewModel.swift; sourceTree = "<group>"; };
/* End PBXFileReference section */

/* Begin PBXFrameworksBuildPhase section */
		7CB08EBE2B1782F8000A45E5 /* Frameworks */ = {
			isa = PBXFrameworksBuildPhase;
			buildActionMask = 2147483647;
			files = (
			);
			runOnlyForDeploymentPostprocessing = 0;
		};
/* End PBXFrameworksBuildPhase section */

/* Begin PBXGroup section */
		7CB08EB82B1782F8000A45E5 = {
			isa = PBXGroup;
			children = (
				7CB08EC32B1782F8000A45E5 /* MobileApisAssignment4 */,
				7CB08EC22B1782F8000A45E5 /* Products */,
			);
			sourceTree = "<group>";
		};
		7CB08EC22B1782F8000A45E5 /* Products */ = {
			isa = PBXGroup;
			children = (
				7CB08EC12B1782F8000A45E5 /* MobileApisAssignment4.app */,
			);
			name = Products;
			sourceTree = "<group>";
		};
		7CB08EC32B1782F8000A45E5 /* MobileApisAssignment4 */ = {
			isa = PBXGroup;
			children = (
				7CB08ED82B17830F000A45E5 /* Launcher */,
				7CB08F032B1783E1000A45E5 /* Authentication */,
				7CB08ED92B178319000A45E5 /* Books */,
				7CB08EDC2B178335000A45E5 /* CRUD */,
				7CB08EDE2B178350000A45E5 /* Data */,
				7CB08EDF2B178356000A45E5 /* Toast */,
				7CB08EE02B178366000A45E5 /* Extensions */,
				7CB08EDD2B178344000A45E5 /* Utility */,
				7CB08ED22B1782F9000A45E5 /* Info.plist */,
			);
			path = MobileApisAssignment4;
			sourceTree = "<group>";
		};
		7CB08ED82B17830F000A45E5 /* Launcher */ = {
			isa = PBXGroup;
			children = (
				7CB08EC42B1782F8000A45E5 /* AppDelegate.swift */,
				7CB08EC62B1782F8000A45E5 /* SceneDelegate.swift */,
				7CB08F042B1783ED000A45E5 /* RootLauncher.swift */,
			);
			path = Launcher;
			sourceTree = "<group>";
		};
		7CB08ED92B178319000A45E5 /* Books */ = {
			isa = PBXGroup;
			children = (
				7CB08EE12B178373000A45E5 /* BooksViewController.swift */,
				7CB08EE32B178378000A45E5 /* BooksViewModel.swift */,
				7CB08EDA2B178328000A45E5 /* Cell */,
				7CB08EDB2B17832C000A45E5 /* Model */,
			);
			path = Books;
			sourceTree = "<group>";
		};
		7CB08EDA2B178328000A45E5 /* Cell */ = {
			isa = PBXGroup;
			children = (
				7CB08EE52B17837D000A45E5 /* BookTableViewCell.swift */,
				7CB08EE72B17838C000A45E5 /* BookCellViewModel.swift */,
				7CB08EE92B178393000A45E5 /* BookTableViewCell.xib */,
			);
			path = Cell;
			sourceTree = "<group>";
		};
		7CB08EDB2B17832C000A45E5 /* Model */ = {
			isa = PBXGroup;
			children = (
				7CB08EEB2B178398000A45E5 /* Book.swift */,
			);
			path = Model;
			sourceTree = "<group>";
		};
		7CB08EDC2B178335000A45E5 /* CRUD */ = {
			isa = PBXGroup;
			children = (
				7CB08EED2B17839C000A45E5 /* BookCRUDViewController.swift */,
				7CB08EEF2B17839F000A45E5 /* BookCRUDViewModel.swift */,
				7CDD39B52B17AFED00F2C365 /* Cell */,
			);
			path = CRUD;
			sourceTree = "<group>";
		};
		7CB08EDD2B178344000A45E5 /* Utility */ = {
			isa = PBXGroup;
			children = (
				7CD0D2BC2B17864C000F4E92 /* Main.storyboard */,
				7CB08ECF2B1782F9000A45E5 /* LaunchScreen.storyboard */,
				7CB08ECD2B1782F9000A45E5 /* Assets.xcassets */,
				7CB08EFF2B1783D4000A45E5 /* Protocols.swift */,
				7CB08F012B1783D8000A45E5 /* Constants.swift */,
			);
			path = Utility;
			sourceTree = "<group>";
		};
		7CB08EDE2B178350000A45E5 /* Data */ = {
			isa = PBXGroup;
			children = (
				7CB08EF12B1783A4000A45E5 /* ApiConstructor.swift */,
				7CB08EF32B1783A6000A45E5 /* DataHandler.swift */,
			);
			path = Data;
			sourceTree = "<group>";
		};
		7CB08EDF2B178356000A45E5 /* Toast */ = {
			isa = PBXGroup;
			children = (
				7CB08EF52B1783B7000A45E5 /* ToastView.swift */,
				7CB08EF72B1783BA000A45E5 /* ToastView.xib */,
			);
			path = Toast;
			sourceTree = "<group>";
		};
		7CB08EE02B178366000A45E5 /* Extensions */ = {
			isa = PBXGroup;
			children = (
				7CB08EF92B1783C0000A45E5 /* UIViewController+Extensions.swift */,
				7CB08EFB2B1783C3000A45E5 /* Data+Extensions.swift */,
				7CB08EFD2B1783C6000A45E5 /* Array+Extensions.swift */,
			);
			path = Extensions;
			sourceTree = "<group>";
		};
		7CB08F032B1783E1000A45E5 /* Authentication */ = {
			isa = PBXGroup;
			children = (
				7CB08F062B1783FB000A45E5 /* AuthenticationViewController.swift */,
				7CB08F082B1783FE000A45E5 /* AuthenticationViewModel.swift */,
			);
			path = Authentication;
			sourceTree = "<group>";
		};
		7CDD39B52B17AFED00F2C365 /* Cell */ = {
			isa = PBXGroup;
			children = (
				7CDD39B62B17B02200F2C365 /* BookFieldTableViewCell.swift */,
				7CDD39BA2B17B26200F2C365 /* BookFieldCellViewModel.swift */,
				7CDD39B72B17B02200F2C365 /* BookFieldTableViewCell.xib */,
			);
			path = Cell;
			sourceTree = "<group>";
		};
/* End PBXGroup section */

/* Begin PBXNativeTarget section */
		7CB08EC02B1782F8000A45E5 /* MobileApisAssignment4 */ = {
			isa = PBXNativeTarget;
			buildConfigurationList = 7CB08ED52B1782F9000A45E5 /* Build configuration list for PBXNativeTarget "MobileApisAssignment4" */;
			buildPhases = (
				7CB08EBD2B1782F8000A45E5 /* Sources */,
				7CB08EBE2B1782F8000A45E5 /* Frameworks */,
				7CB08EBF2B1782F8000A45E5 /* Resources */,
			);
			buildRules = (
			);
			dependencies = (
			);
			name = MobileApisAssignment4;
			productName = MobileApisAssignment4;
			productReference = 7CB08EC12B1782F8000A45E5 /* MobileApisAssignment4.app */;
			productType = "com.apple.product-type.application";
		};
/* End PBXNativeTarget section */

/* Begin PBXProject section */
		7CB08EB92B1782F8000A45E5 /* Project object */ = {
			isa = PBXProject;
			attributes = {
				BuildIndependentTargetsInParallel = 1;
				LastSwiftUpdateCheck = 1430;
				LastUpgradeCheck = 1430;
				TargetAttributes = {
					7CB08EC02B1782F8000A45E5 = {
						CreatedOnToolsVersion = 14.3;
					};
				};
			};
			buildConfigurationList = 7CB08EBC2B1782F8000A45E5 /* Build configuration list for PBXProject "MobileApisAssignment4" */;
			compatibilityVersion = "Xcode 14.0";
			developmentRegion = en;
			hasScannedForEncodings = 0;
			knownRegions = (
				en,
				Base,
			);
			mainGroup = 7CB08EB82B1782F8000A45E5;
			productRefGroup = 7CB08EC22B1782F8000A45E5 /* Products */;
			projectDirPath = "";
			projectRoot = "";
			targets = (
				7CB08EC02B1782F8000A45E5 /* MobileApisAssignment4 */,
			);
		};
/* End PBXProject section */

/* Begin PBXResourcesBuildPhase section */
		7CB08EBF2B1782F8000A45E5 /* Resources */ = {
			isa = PBXResourcesBuildPhase;
			buildActionMask = 2147483647;
			files = (
				7CB08EEA2B178393000A45E5 /* BookTableViewCell.xib in Resources */,
				7CD0D2BD2B17864C000F4E92 /* Main.storyboard in Resources */,
				7CB08ED12B1782F9000A45E5 /* LaunchScreen.storyboard in Resources */,
				7CB08ECE2B1782F9000A45E5 /* Assets.xcassets in Resources */,
				7CB08EF82B1783BA000A45E5 /* ToastView.xib in Resources */,
				7CDD39B92B17B02200F2C365 /* BookFieldTableViewCell.xib in Resources */,
			);
			runOnlyForDeploymentPostprocessing = 0;
		};
/* End PBXResourcesBuildPhase section */

/* Begin PBXSourcesBuildPhase section */
		7CB08EBD2B1782F8000A45E5 /* Sources */ = {
			isa = PBXSourcesBuildPhase;
			buildActionMask = 2147483647;
			files = (
				7CB08EEC2B178398000A45E5 /* Book.swift in Sources */,
				7CB08EF02B17839F000A45E5 /* BookCRUDViewModel.swift in Sources */,
				7CB08EE22B178373000A45E5 /* BooksViewController.swift in Sources */,
				7CB08F052B1783ED000A45E5 /* RootLauncher.swift in Sources */,
				7CB08EF42B1783A6000A45E5 /* DataHandler.swift in Sources */,
				7CB08EEE2B17839C000A45E5 /* BookCRUDViewController.swift in Sources */,
				7CB08EC52B1782F8000A45E5 /* AppDelegate.swift in Sources */,
				7CB08EF62B1783B7000A45E5 /* ToastView.swift in Sources */,
				7CDD39BB2B17B26200F2C365 /* BookFieldCellViewModel.swift in Sources */,
				7CB08F092B1783FE000A45E5 /* AuthenticationViewModel.swift in Sources */,
				7CB08EE82B17838C000A45E5 /* BookCellViewModel.swift in Sources */,
				7CB08EFC2B1783C3000A45E5 /* Data+Extensions.swift in Sources */,
				7CB08EE42B178378000A45E5 /* BooksViewModel.swift in Sources */,
				7CB08F072B1783FB000A45E5 /* AuthenticationViewController.swift in Sources */,
				7CB08EFE2B1783C6000A45E5 /* Array+Extensions.swift in Sources */,
				7CB08EFA2B1783C0000A45E5 /* UIViewController+Extensions.swift in Sources */,
				7CB08EF22B1783A4000A45E5 /* ApiConstructor.swift in Sources */,
				7CB08EE62B17837D000A45E5 /* BookTableViewCell.swift in Sources */,
				7CDD39B82B17B02200F2C365 /* BookFieldTableViewCell.swift in Sources */,
				7CB08F002B1783D4000A45E5 /* Protocols.swift in Sources */,
				7CB08EC72B1782F8000A45E5 /* SceneDelegate.swift in Sources */,
				7CB08F022B1783D8000A45E5 /* Constants.swift in Sources */,
			);
			runOnlyForDeploymentPostprocessing = 0;
		};
/* End PBXSourcesBuildPhase section */

/* Begin PBXVariantGroup section */
		7CB08ECF2B1782F9000A45E5 /* LaunchScreen.storyboard */ = {
			isa = PBXVariantGroup;
			children = (
				7CB08ED02B1782F9000A45E5 /* Base */,
			);
			name = LaunchScreen.storyboard;
			sourceTree = "<group>";
		};
/* End PBXVariantGroup section */

/* Begin XCBuildConfiguration section */
		7CB08ED32B1782F9000A45E5 /* Debug */ = {
			isa = XCBuildConfiguration;
			buildSettings = {
				ALWAYS_SEARCH_USER_PATHS = NO;
				CLANG_ANALYZER_NONNULL = YES;
				CLANG_ANALYZER_NUMBER_OBJECT_CONVERSION = YES_AGGRESSIVE;
				CLANG_CXX_LANGUAGE_STANDARD = "gnu++20";
				CLANG_ENABLE_MODULES = YES;
				CLANG_ENABLE_OBJC_ARC = YES;
				CLANG_ENABLE_OBJC_WEAK = YES;
				CLANG_WARN_BLOCK_CAPTURE_AUTORELEASING = YES;
				CLANG_WARN_BOOL_CONVERSION = YES;
				CLANG_WARN_COMMA = YES;
				CLANG_WARN_CONSTANT_CONVERSION = YES;
				CLANG_WARN_DEPRECATED_OBJC_IMPLEMENTATIONS = YES;
				CLANG_WARN_DIRECT_OBJC_ISA_USAGE = YES_ERROR;
				CLANG_WARN_DOCUMENTATION_COMMENTS = YES;
				CLANG_WARN_EMPTY_BODY = YES;
				CLANG_WARN_ENUM_CONVERSION = YES;
				CLANG_WARN_INFINITE_RECURSION = YES;
				CLANG_WARN_INT_CONVERSION = YES;
				CLANG_WARN_NON_LITERAL_NULL_CONVERSION = YES;
				CLANG_WARN_OBJC_IMPLICIT_RETAIN_SELF = YES;
				CLANG_WARN_OBJC_LITERAL_CONVERSION = YES;
				CLANG_WARN_OBJC_ROOT_CLASS = YES_ERROR;
				CLANG_WARN_QUOTED_INCLUDE_IN_FRAMEWORK_HEADER = YES;
				CLANG_WARN_RANGE_LOOP_ANALYSIS = YES;
				CLANG_WARN_STRICT_PROTOTYPES = YES;
				CLANG_WARN_SUSPICIOUS_MOVE = YES;
				CLANG_WARN_UNGUARDED_AVAILABILITY = YES_AGGRESSIVE;
				CLANG_WARN_UNREACHABLE_CODE = YES;
				CLANG_WARN__DUPLICATE_METHOD_MATCH = YES;
				COPY_PHASE_STRIP = NO;
				DEBUG_INFORMATION_FORMAT = dwarf;
				ENABLE_STRICT_OBJC_MSGSEND = YES;
				ENABLE_TESTABILITY = YES;
				GCC_C_LANGUAGE_STANDARD = gnu11;
				GCC_DYNAMIC_NO_PIC = NO;
				GCC_NO_COMMON_BLOCKS = YES;
				GCC_OPTIMIZATION_LEVEL = 0;
				GCC_PREPROCESSOR_DEFINITIONS = (
					"DEBUG=1",
					"$(inherited)",
				);
				GCC_WARN_64_TO_32_BIT_CONVERSION = YES;
				GCC_WARN_ABOUT_RETURN_TYPE = YES_ERROR;
				GCC_WARN_UNDECLARED_SELECTOR = YES;
				GCC_WARN_UNINITIALIZED_AUTOS = YES_AGGRESSIVE;
				GCC_WARN_UNUSED_FUNCTION = YES;
				GCC_WARN_UNUSED_VARIABLE = YES;
				IPHONEOS_DEPLOYMENT_TARGET = 16.4;
				MTL_ENABLE_DEBUG_INFO = INCLUDE_SOURCE;
				MTL_FAST_MATH = YES;
				ONLY_ACTIVE_ARCH = YES;
				SDKROOT = iphoneos;
				SWIFT_ACTIVE_COMPILATION_CONDITIONS = DEBUG;
				SWIFT_OPTIMIZATION_LEVEL = "-Onone";
			};
			name = Debug;
		};
		7CB08ED42B1782F9000A45E5 /* Release */ = {
			isa = XCBuildConfiguration;
			buildSettings = {
				ALWAYS_SEARCH_USER_PATHS = NO;
				CLANG_ANALYZER_NONNULL = YES;
				CLANG_ANALYZER_NUMBER_OBJECT_CONVERSION = YES_AGGRESSIVE;
				CLANG_CXX_LANGUAGE_STANDARD = "gnu++20";
				CLANG_ENABLE_MODULES = YES;
				CLANG_ENABLE_OBJC_ARC = YES;
				CLANG_ENABLE_OBJC_WEAK = YES;
				CLANG_WARN_BLOCK_CAPTURE_AUTORELEASING = YES;
				CLANG_WARN_BOOL_CONVERSION = YES;
				CLANG_WARN_COMMA = YES;
				CLANG_WARN_CONSTANT_CONVERSION = YES;
				CLANG_WARN_DEPRECATED_OBJC_IMPLEMENTATIONS = YES;
				CLANG_WARN_DIRECT_OBJC_ISA_USAGE = YES_ERROR;
				CLANG_WARN_DOCUMENTATION_COMMENTS = YES;
				CLANG_WARN_EMPTY_BODY = YES;
				CLANG_WARN_ENUM_CONVERSION = YES;
				CLANG_WARN_INFINITE_RECURSION = YES;
				CLANG_WARN_INT_CONVERSION = YES;
				CLANG_WARN_NON_LITERAL_NULL_CONVERSION = YES;
				CLANG_WARN_OBJC_IMPLICIT_RETAIN_SELF = YES;
				CLANG_WARN_OBJC_LITERAL_CONVERSION = YES;
				CLANG_WARN_OBJC_ROOT_CLASS = YES_ERROR;
				CLANG_WARN_QUOTED_INCLUDE_IN_FRAMEWORK_HEADER = YES;
				CLANG_WARN_RANGE_LOOP_ANALYSIS = YES;
				CLANG_WARN_STRICT_PROTOTYPES = YES;
				CLANG_WARN_SUSPICIOUS_MOVE = YES;
				CLANG_WARN_UNGUARDED_AVAILABILITY = YES_AGGRESSIVE;
				CLANG_WARN_UNREACHABLE_CODE = YES;
				CLANG_WARN__DUPLICATE_METHOD_MATCH = YES;
				COPY_PHASE_STRIP = NO;
				DEBUG_INFORMATION_FORMAT = "dwarf-with-dsym";
				ENABLE_NS_ASSERTIONS = NO;
				ENABLE_STRICT_OBJC_MSGSEND = YES;
				GCC_C_LANGUAGE_STANDARD = gnu11;
				GCC_NO_COMMON_BLOCKS = YES;
				GCC_WARN_64_TO_32_BIT_CONVERSION = YES;
				GCC_WARN_ABOUT_RETURN_TYPE = YES_ERROR;
				GCC_WARN_UNDECLARED_SELECTOR = YES;
				GCC_WARN_UNINITIALIZED_AUTOS = YES_AGGRESSIVE;
				GCC_WARN_UNUSED_FUNCTION = YES;
				GCC_WARN_UNUSED_VARIABLE = YES;
				IPHONEOS_DEPLOYMENT_TARGET = 16.4;
				MTL_ENABLE_DEBUG_INFO = NO;
				MTL_FAST_MATH = YES;
				SDKROOT = iphoneos;
				SWIFT_COMPILATION_MODE = wholemodule;
				SWIFT_OPTIMIZATION_LEVEL = "-O";
				VALIDATE_PRODUCT = YES;
			};
			name = Release;
		};
		7CB08ED62B1782F9000A45E5 /* Debug */ = {
			isa = XCBuildConfiguration;
			buildSettings = {
				ASSETCATALOG_COMPILER_APPICON_NAME = AppIcon;
				ASSETCATALOG_COMPILER_GLOBAL_ACCENT_COLOR_NAME = AccentColor;
				CODE_SIGN_STYLE = Automatic;
				CURRENT_PROJECT_VERSION = 1;
				GENERATE_INFOPLIST_FILE = YES;
				INFOPLIST_FILE = MobileApisAssignment4/Info.plist;
				INFOPLIST_KEY_UIApplicationSupportsIndirectInputEvents = YES;
				INFOPLIST_KEY_UILaunchStoryboardName = LaunchScreen;
				INFOPLIST_KEY_UIMainStoryboardFile = "";
				INFOPLIST_KEY_UISupportedInterfaceOrientations_iPad = "UIInterfaceOrientationPortrait UIInterfaceOrientationPortraitUpsideDown UIInterfaceOrientationLandscapeLeft UIInterfaceOrientationLandscapeRight";
				INFOPLIST_KEY_UISupportedInterfaceOrientations_iPhone = "UIInterfaceOrientationPortrait UIInterfaceOrientationLandscapeLeft UIInterfaceOrientationLandscapeRight";
				LD_RUNPATH_SEARCH_PATHS = (
					"$(inherited)",
					"@executable_path/Frameworks",
				);
				MARKETING_VERSION = 1.0;
				PRODUCT_BUNDLE_IDENTIFIER = com.georgiancollege.MobileApisAssignment4;
				PRODUCT_NAME = "$(TARGET_NAME)";
				SWIFT_EMIT_LOC_STRINGS = YES;
				SWIFT_VERSION = 5.0;
				TARGETED_DEVICE_FAMILY = "1,2";
			};
			name = Debug;
		};
		7CB08ED72B1782F9000A45E5 /* Release */ = {
			isa = XCBuildConfiguration;
			buildSettings = {
				ASSETCATALOG_COMPILER_APPICON_NAME = AppIcon;
				ASSETCATALOG_COMPILER_GLOBAL_ACCENT_COLOR_NAME = AccentColor;
				CODE_SIGN_STYLE = Automatic;
				CURRENT_PROJECT_VERSION = 1;
				GENERATE_INFOPLIST_FILE = YES;
				INFOPLIST_FILE = MobileApisAssignment4/Info.plist;
				INFOPLIST_KEY_UIApplicationSupportsIndirectInputEvents = YES;
				INFOPLIST_KEY_UILaunchStoryboardName = LaunchScreen;
				INFOPLIST_KEY_UIMainStoryboardFile = "";
				INFOPLIST_KEY_UISupportedInterfaceOrientations_iPad = "UIInterfaceOrientationPortrait UIInterfaceOrientationPortraitUpsideDown UIInterfaceOrientationLandscapeLeft UIInterfaceOrientationLandscapeRight";
				INFOPLIST_KEY_UISupportedInterfaceOrientations_iPhone = "UIInterfaceOrientationPortrait UIInterfaceOrientationLandscapeLeft UIInterfaceOrientationLandscapeRight";
				LD_RUNPATH_SEARCH_PATHS = (
					"$(inherited)",
					"@executable_path/Frameworks",
				);
				MARKETING_VERSION = 1.0;
				PRODUCT_BUNDLE_IDENTIFIER = com.georgiancollege.MobileApisAssignment4;
				PRODUCT_NAME = "$(TARGET_NAME)";
				SWIFT_EMIT_LOC_STRINGS = YES;
				SWIFT_VERSION = 5.0;
				TARGETED_DEVICE_FAMILY = "1,2";
			};
			name = Release;
		};
/* End XCBuildConfiguration section */

/* Begin XCConfigurationList section */
		7CB08EBC2B1782F8000A45E5 /* Build configuration list for PBXProject "MobileApisAssignment4" */ = {
			isa = XCConfigurationList;
			buildConfigurations = (
				7CB08ED32B1782F9000A45E5 /* Debug */,
				7CB08ED42B1782F9000A45E5 /* Release */,
			);
			defaultConfigurationIsVisible = 0;
			defaultConfigurationName = Release;
		};
		7CB08ED52B1782F9000A45E5 /* Build configuration list for PBXNativeTarget "MobileApisAssignment4" */ = {
			isa = XCConfigurationList;
			buildConfigurations = (
				7CB08ED62B1782F9000A45E5 /* Debug */,
				7CB08ED72B1782F9000A45E5 /* Release */,
			);
			defaultConfigurationIsVisible = 0;
			defaultConfigurationName = Release;
		};
/* End XCConfigurationList section */
	};
	rootObject = 7CB08EB92B1782F8000A45E5 /* Project object */;
}
